
Microsoft Visual Studio Solution File, Format Version 12.00
# Visual Studio Version 17
VisualStudioVersion = 17.4.33213.308
MinimumVisualStudioVersion = 10.0.40219.1
Project("{9A19103F-16F7-4668-BE54-9A1E7A4F7556}") = "Chapter", "Chapter\Chapter.csproj", "{D207CCA3-6022-4BD6-9FB6-62E82B22ECF9}"
EndProject
Project("{FAE04EC0-301F-11D3-BF4B-00C04F79EFBC}") = "TestProject1", "TestProject1\TestProject1.csproj", "{482C282E-1393-4B7B-ABAD-2D36D11F6E2C}"
EndProject
Global
	GlobalSection(SolutionConfigurationPlatforms) = preSolution
		Debug|Any CPU = Debug|Any CPU
		Release|Any CPU = Release|Any CPU
	EndGlobalSection
	GlobalSection(ProjectConfigurationPlatforms) = postSolution
		{D207CCA3-6022-4BD6-9FB6-62E82B22ECF9}.Debug|Any CPU.ActiveCfg = Debug|Any CPU
		{D207CCA3-6022-4BD6-9FB6-62E82B22ECF9}.Debug|Any CPU.Build.0 = Debug|Any CPU
		{D207CCA3-6022-4BD6-9FB6-62E82B22ECF9}.Release|Any CPU.ActiveCfg = Release|Any CPU
		{D207CCA3-6022-4BD6-9FB6-62E82B22ECF9}.Release|Any CPU.Build.0 = Release|Any CPU
		{482C282E-1393-4B7B-ABAD-2D36D11F6E2C}.Debug|Any CPU.ActiveCfg = Debug|Any CPU
		{482C282E-1393-4B7B-ABAD-2D36D11F6E2C}.Debug|Any CPU.Build.0 = Debug|Any CPU
		{482C282E-1393-4B7B-ABAD-2D36D11F6E2C}.Release|Any CPU.ActiveCfg = Release|Any CPU
		{482C282E-1393-4B7B-ABAD-2D36D11F6E2C}.Release|Any CPU.Build.0 = Release|Any CPU
	EndGlobalSection
	GlobalSection(SolutionProperties) = preSolution
		HideSolutionNode = FALSE
	EndGlobalSection
	GlobalSection(ExtensibilityGlobals) = postSolution
		SolutionGuid = {092D11B3-EFFB-43C9-9001-432D90DC7D63}
	EndGlobalSection
EndGlobal
